
Microsoft Visual Studio Solution File, Format Version 12.00
# Visual Studio Version 17
VisualStudioVersion = 17.5.33530.505
MinimumVisualStudioVersion = 10.0.40219.1
Project("{FAE04EC0-301F-11D3-BF4B-00C04F79EFBC}") = "UserAPI", "UserAPI\UserAPI.csproj", "{174A294C-F188-49DB-AAB8-D20D5C7076EB}"
EndProject
Global
	GlobalSection(SolutionConfigurationPlatforms) = preSolution
		Debug|Any CPU = Debug|Any CPU
		Release|Any CPU = Release|Any CPU
	EndGlobalSection
	GlobalSection(ProjectConfigurationPlatforms) = postSolution
		{174A294C-F188-49DB-AAB8-D20D5C7076EB}.Debug|Any CPU.ActiveCfg = Debug|Any CPU
		{174A294C-F188-49DB-AAB8-D20D5C7076EB}.Debug|Any CPU.Build.0 = Debug|Any CPU
		{174A294C-F188-49DB-AAB8-D20D5C7076EB}.Release|Any CPU.ActiveCfg = Release|Any CPU
		{174A294C-F188-49DB-AAB8-D20D5C7076EB}.Release|Any CPU.Build.0 = Release|Any CPU
	EndGlobalSection
	GlobalSection(SolutionProperties) = preSolution
		HideSolutionNode = FALSE
	EndGlobalSection
	GlobalSection(ExtensibilityGlobals) = postSolution
		SolutionGuid = {03D18536-48A2-4309-9502-F51FF9E076D6}
	EndGlobalSection
EndGlobal
